
Microsoft Visual Studio Solution File, Format Version 12.00
# Visual Studio Version 17
VisualStudioVersion = 17.4.33213.308
MinimumVisualStudioVersion = 10.0.40219.1
Project("{FAE04EC0-301F-11D3-BF4B-00C04F79EFBC}") = "MODELADOS", "MODELADOS\MODELADOS.csproj", "{6082A7B8-A1F3-4067-B836-9B14F9F66B43}"
EndProject
Global
	GlobalSection(SolutionConfigurationPlatforms) = preSolution
		Debug|Any CPU = Debug|Any CPU
		Release|Any CPU = Release|Any CPU
	EndGlobalSection
	GlobalSection(ProjectConfigurationPlatforms) = postSolution
		{6082A7B8-A1F3-4067-B836-9B14F9F66B43}.Debug|Any CPU.ActiveCfg = Debug|Any CPU
		{6082A7B8-A1F3-4067-B836-9B14F9F66B43}.Debug|Any CPU.Build.0 = Debug|Any CPU
		{6082A7B8-A1F3-4067-B836-9B14F9F66B43}.Release|Any CPU.ActiveCfg = Release|Any CPU
		{6082A7B8-A1F3-4067-B836-9B14F9F66B43}.Release|Any CPU.Build.0 = Release|Any CPU
	EndGlobalSection
	GlobalSection(SolutionProperties) = preSolution
		HideSolutionNode = FALSE
	EndGlobalSection
	GlobalSection(ExtensibilityGlobals) = postSolution
		SolutionGuid = {7DF009AC-36E9-4E61-9269-460085DF7B62}
	EndGlobalSection
EndGlobal
